# This file is autogenerated, do not edit; changes may be undone by the next 'dep ensure'.


[[projects]]
  branch = "master"
  name = "gonum.org/v1/gonum"
  packages = [
    "blas",
    "blas/blas64",
    "blas/gonum",
    "floats",
    "internal/asm/c128",
    "internal/asm/f32",
    "internal/asm/f64",
    "internal/math32",
    "lapack",
    "lapack/gonum",
    "lapack/lapack64",
    "mat"
  ]
  revision = "f9d0eed5251af3e2ea798688583903b85a492148"

[solve-meta]
  analyzer-name = "dep"
  analyzer-version = 1
  inputs-digest = "80a020913973634033c12d3f1adb6e65e7418a8021ea3593fe57f13ebdecd08b"
  solver-name = "gps-cdcl"
  solver-version = 1
